
Microsoft Visual Studio Solution File, Format Version 12.00
# Visual Studio 15
VisualStudioVersion = 15.0.28307.271
MinimumVisualStudioVersion = 10.0.40219.1
Project("{FAE04EC0-301F-11D3-BF4B-00C04F79EFBC}") = "BilgeAdam.Test", "BilgeAdam.Test\BilgeAdam.Test.csproj", "{1122F3F4-86D5-48AC-8FEE-F451677A9CC8}"
EndProject
Project("{FAE04EC0-301F-11D3-BF4B-00C04F79EFBC}") = "BilgeAdam.Common", "BilgeAdam.Common\BilgeAdam.Common.csproj", "{138626E6-2B20-4FA0-85E6-59EFEEB70071}"
EndProject
Project("{FAE04EC0-301F-11D3-BF4B-00C04F79EFBC}") = "BilgeAdam.Agent", "BilgeAdam.Agent\BilgeAdam.Agent.csproj", "{40A6CE3C-D7D9-4548-9CB1-3B0E6D7310D2}"
EndProject
Project("{FAE04EC0-301F-11D3-BF4B-00C04F79EFBC}") = "BilgeAdam.AgentCommon", "BilgeAdam.AgentCommon\BilgeAdam.AgentCommon.csproj", "{4857CE8D-13D9-472D-B7AE-2D20B7BC678F}"
EndProject
Global
	GlobalSection(SolutionConfigurationPlatforms) = preSolution
		Debug|Any CPU = Debug|Any CPU
		Release|Any CPU = Release|Any CPU
	EndGlobalSection
	GlobalSection(ProjectConfigurationPlatforms) = postSolution
		{1122F3F4-86D5-48AC-8FEE-F451677A9CC8}.Debug|Any CPU.ActiveCfg = Debug|Any CPU
		{1122F3F4-86D5-48AC-8FEE-F451677A9CC8}.Debug|Any CPU.Build.0 = Debug|Any CPU
		{1122F3F4-86D5-48AC-8FEE-F451677A9CC8}.Release|Any CPU.ActiveCfg = Release|Any CPU
		{1122F3F4-86D5-48AC-8FEE-F451677A9CC8}.Release|Any CPU.Build.0 = Release|Any CPU
		{138626E6-2B20-4FA0-85E6-59EFEEB70071}.Debug|Any CPU.ActiveCfg = Debug|Any CPU
		{138626E6-2B20-4FA0-85E6-59EFEEB70071}.Debug|Any CPU.Build.0 = Debug|Any CPU
		{138626E6-2B20-4FA0-85E6-59EFEEB70071}.Release|Any CPU.ActiveCfg = Release|Any CPU
		{138626E6-2B20-4FA0-85E6-59EFEEB70071}.Release|Any CPU.Build.0 = Release|Any CPU
		{40A6CE3C-D7D9-4548-9CB1-3B0E6D7310D2}.Debug|Any CPU.ActiveCfg = Debug|Any CPU
		{40A6CE3C-D7D9-4548-9CB1-3B0E6D7310D2}.Debug|Any CPU.Build.0 = Debug|Any CPU
		{40A6CE3C-D7D9-4548-9CB1-3B0E6D7310D2}.Release|Any CPU.ActiveCfg = Release|Any CPU
		{40A6CE3C-D7D9-4548-9CB1-3B0E6D7310D2}.Release|Any CPU.Build.0 = Release|Any CPU
		{4857CE8D-13D9-472D-B7AE-2D20B7BC678F}.Debug|Any CPU.ActiveCfg = Debug|Any CPU
		{4857CE8D-13D9-472D-B7AE-2D20B7BC678F}.Debug|Any CPU.Build.0 = Debug|Any CPU
		{4857CE8D-13D9-472D-B7AE-2D20B7BC678F}.Release|Any CPU.ActiveCfg = Release|Any CPU
		{4857CE8D-13D9-472D-B7AE-2D20B7BC678F}.Release|Any CPU.Build.0 = Release|Any CPU
	EndGlobalSection
	GlobalSection(SolutionProperties) = preSolution
		HideSolutionNode = FALSE
	EndGlobalSection
	GlobalSection(ExtensibilityGlobals) = postSolution
		SolutionGuid = {7BEAD3EE-EE85-42A6-9611-499CBC16BB72}
	EndGlobalSection
EndGlobal
